
Microsoft Visual Studio Solution File, Format Version 12.00
# Visual Studio Version 16
VisualStudioVersion = 16.0.34031.81
MinimumVisualStudioVersion = 10.0.40219.1
Project("{2150E333-8FDC-42A3-9474-1A3956D46DE8}") = "Task0", "Task0", "{ACCCF73A-F4F8-42EA-8ED4-76A151E4E2F7}"
EndProject
Project("{FAE04EC0-301F-11D3-BF4B-00C04F79EFBC}") = "Tyuiu.FaizullinDR.Sprint5.Task0.V20", "Tyuiu.FaizullinDR.Sprint5.Task0.V20\Tyuiu.FaizullinDR.Sprint5.Task0.V20.csproj", "{F6531B3B-263E-4AF2-B4C3-2418474FE569}"
EndProject
Project("{FAE04EC0-301F-11D3-BF4B-00C04F79EFBC}") = "Tyuiu.FaizullinDR.Sprint5.Task0.V20.Test", "Tyuiu.FaizullinDR.Sprint5.Task0.V20.Test\Tyuiu.FaizullinDR.Sprint5.Task0.V20.Test.csproj", "{9E0D0555-32DB-4DF2-98C5-975B99125E25}"
EndProject
Project("{FAE04EC0-301F-11D3-BF4B-00C04F79EFBC}") = "Tyuiu.FaizullinDR.Sprint5.Task0.V20.Lib", "Tyuiu.FaizullinDR.Sprint5.Task0.V20.Lib\Tyuiu.FaizullinDR.Sprint5.Task0.V20.Lib.csproj", "{F5411F53-184A-4A44-B97B-76C38EE8C673}"
EndProject
Project("{2150E333-8FDC-42A3-9474-1A3956D46DE8}") = "Task1", "Task1", "{F9A8B04D-D90D-4E18-8F33-5E110CD3609A}"
EndProject
Project("{FAE04EC0-301F-11D3-BF4B-00C04F79EFBC}") = "Tyuiu.FaizullinDR.Sprint5.Task1.V7", "Tyuiu.FaizullinDR.Sprint5.Task1.V7\Tyuiu.FaizullinDR.Sprint5.Task1.V7.csproj", "{AC568B2E-F0D4-4C3F-9E6F-9D5EA33FB8EB}"
EndProject
Project("{FAE04EC0-301F-11D3-BF4B-00C04F79EFBC}") = "Tyuiu.FaizullinDR.Sprint5.Task1.V7.Lib", "Tyuiu.FaizullinDR.Sprint5.Task1.V7.Lib\Tyuiu.FaizullinDR.Sprint5.Task1.V7.Lib.csproj", "{E9E9AB4D-6A16-4380-9CA5-6B2B006C60BF}"
EndProject
Project("{FAE04EC0-301F-11D3-BF4B-00C04F79EFBC}") = "Tyuiu.FaizullinDR.Sprint5.Task1.V7.Test", "Tyuiu.FaizullinDR.Sprint5.Task1.V7.Test\Tyuiu.FaizullinDR.Sprint5.Task1.V7.Test.csproj", "{AF02D73D-C3E7-4099-9F9A-1F2FF8075E1C}"
EndProject
Project("{2150E333-8FDC-42A3-9474-1A3956D46DE8}") = "Task2", "Task2", "{098E106E-BD6C-417D-9AB2-EAEB1CE7202A}"
EndProject
Project("{FAE04EC0-301F-11D3-BF4B-00C04F79EFBC}") = "Tyuiu.FaizullinDR.Sprint5.Task2.V15.Lib", "Tyuiu.FaizullinDR.Sprint5.Task2.V15.Lib\Tyuiu.FaizullinDR.Sprint5.Task2.V15.Lib.csproj", "{54EB49E7-23AB-4DA7-BEA4-F24B82CE05EA}"
EndProject
Project("{FAE04EC0-301F-11D3-BF4B-00C04F79EFBC}") = "Tyuiu.FaizullinDR.Sprint5.Task2.V15.Test", "Tyuiu.FaizullinDR.Sprint5.Task2.V15.Test\Tyuiu.FaizullinDR.Sprint5.Task2.V15.Test.csproj", "{E77DDA19-C867-44B9-876E-66A93800BCC9}"
EndProject
Project("{FAE04EC0-301F-11D3-BF4B-00C04F79EFBC}") = "Tyuiu.FaizullinDR.Sprint5.Task2.V15", "Tyuiu.FaizullinDR.Sprint5.Task2.V15\Tyuiu.FaizullinDR.Sprint5.Task2.V15.csproj", "{DCA72104-52E0-47B8-BF7F-3F074B3DCEDB}"
EndProject
Project("{2150E333-8FDC-42A3-9474-1A3956D46DE8}") = "Task3", "Task3", "{9FBD207F-4B66-4FCF-A726-B1F663B69E02}"
EndProject
Project("{FAE04EC0-301F-11D3-BF4B-00C04F79EFBC}") = "Tyuiu.FaizullinDR.Sprint5.Task3.V9", "Tyuiu.FaizullinDR.Sprint5.Task3.V9\Tyuiu.FaizullinDR.Sprint5.Task3.V9.csproj", "{32A0A8F8-3F44-48B0-A020-2D458875B262}"
EndProject
Project("{FAE04EC0-301F-11D3-BF4B-00C04F79EFBC}") = "Tyuiu.FaizullinDR.Sprint5.Task3.V9.Lib", "Tyuiu.FaizullinDR.Sprint5.Task3.V9.Lib\Tyuiu.FaizullinDR.Sprint5.Task3.V9.Lib.csproj", "{6C9239D5-2C76-4721-B1E2-813717611A27}"
EndProject
Project("{FAE04EC0-301F-11D3-BF4B-00C04F79EFBC}") = "Tyuiu.FaizullinDR.Sprint5.Task3.V9.Test", "Tyuiu.FaizullinDR.Sprint5.Task3.V9.Test\Tyuiu.FaizullinDR.Sprint5.Task3.V9.Test.csproj", "{3A68FF1F-A3E5-45BA-A182-C635E1B60613}"
EndProject
Project("{2150E333-8FDC-42A3-9474-1A3956D46DE8}") = "Task4", "Task4", "{72E864E2-5134-4876-965A-9581EE20DBF0}"
EndProject
Project("{FAE04EC0-301F-11D3-BF4B-00C04F79EFBC}") = "Tyuiu.FaizullinDR.Sprint5.Task4.V24", "Tyuiu.FaizullinDR.Sprint5.Task4.V24\Tyuiu.FaizullinDR.Sprint5.Task4.V24.csproj", "{013C1BF0-AAC4-48D7-85C8-BB9B64AC741B}"
EndProject
Project("{FAE04EC0-301F-11D3-BF4B-00C04F79EFBC}") = "Tyuiu.FaizullinDR.Sprint5.Task4.V24.Lib", "Tyuiu.FaizullinDR.Sprint5.Task4.V24.Lib\Tyuiu.FaizullinDR.Sprint5.Task4.V24.Lib.csproj", "{1ABEE917-7CB2-41F0-89B3-E6E4B657F327}"
EndProject
Project("{FAE04EC0-301F-11D3-BF4B-00C04F79EFBC}") = "Tyuiu.FaizullinDR.Sprint5.Task4.V24.Test", "Tyuiu.FaizullinDR.Sprint5.Task4.V24.Test\Tyuiu.FaizullinDR.Sprint5.Task4.V24.Test.csproj", "{443BE12D-5966-4C6D-A104-765D0E9DCABE}"
EndProject
Project("{2150E333-8FDC-42A3-9474-1A3956D46DE8}") = "Task5", "Task5", "{F3BCC2A6-F14E-401F-ADD8-9B01E4AD9088}"
EndProject
Project("{FAE04EC0-301F-11D3-BF4B-00C04F79EFBC}") = "Tyuiu.FaizullinDR.Sprint5.Task5.V26", "Tyuiu.FaizullinDR.Sprint5.Task5.V26\Tyuiu.FaizullinDR.Sprint5.Task5.V26.csproj", "{D297AA37-43A2-4EB9-8200-B067E7732E12}"
EndProject
Project("{FAE04EC0-301F-11D3-BF4B-00C04F79EFBC}") = "Tyuiu.FaizullinDR.Sprint5.Task5.V26.Lib", "Tyuiu.FaizullinDR.Sprint5.Task5.V26.Lib\Tyuiu.FaizullinDR.Sprint5.Task5.V26.Lib.csproj", "{EC00E515-A4BC-448F-90CC-AF95AACB5A6C}"
EndProject
Project("{FAE04EC0-301F-11D3-BF4B-00C04F79EFBC}") = "Tyuiu.FaizullinDR.Sprint5.Task5.V26.Test", "Tyuiu.FaizullinDR.Sprint5.Task5.V26.Test\Tyuiu.FaizullinDR.Sprint5.Task5.V26.Test.csproj", "{D4FE95DB-7D13-4255-B1A2-68EA58494DC4}"
EndProject
Project("{2150E333-8FDC-42A3-9474-1A3956D46DE8}") = "Task6", "Task6", "{3750497E-5793-41DD-BCDF-0FD0DCB2AFC2}"
EndProject
Project("{FAE04EC0-301F-11D3-BF4B-00C04F79EFBC}") = "Tyuiu.FaizullinDR.Sprint5.Task6.V8", "Tyuiu.FaizullinDR.Sprint5.Task6.V8\Tyuiu.FaizullinDR.Sprint5.Task6.V8.csproj", "{C589042D-05C2-4CCE-B18C-D90F2F958E80}"
EndProject
Project("{FAE04EC0-301F-11D3-BF4B-00C04F79EFBC}") = "Tyuiu.FaizullinDR.Sprint5.Task6.V8.Test", "Tyuiu.FaizullinDR.Sprint5.Task6.V8.Test\Tyuiu.FaizullinDR.Sprint5.Task6.V8.Test.csproj", "{B3432B3D-83D3-4878-83C1-9B52CB263D8F}"
EndProject
Project("{FAE04EC0-301F-11D3-BF4B-00C04F79EFBC}") = "Tyuiu.FaizullinDR.Sprint5.Task6.V8.Lib", "Tyuiu.FaizullinDR.Sprint5.Task6.V8.Lib\Tyuiu.FaizullinDR.Sprint5.Task6.V8.Lib.csproj", "{4CA36C3F-A69E-467B-990A-5AC1083575EB}"
EndProject
Project("{2150E333-8FDC-42A3-9474-1A3956D46DE8}") = "Task7", "Task7", "{37125903-09E1-41E8-A45B-29FB66BDEF46}"
EndProject
Project("{FAE04EC0-301F-11D3-BF4B-00C04F79EFBC}") = "Tyuiu.FaizullinDR.Sprint5.Task7.V1", "Tyuiu.FaizullinDR.Sprint5.Task7.V1\Tyuiu.FaizullinDR.Sprint5.Task7.V1.csproj", "{9DDABD0D-DB03-4CDD-A15B-AD6D72C0FA25}"
EndProject
Project("{FAE04EC0-301F-11D3-BF4B-00C04F79EFBC}") = "Tyuiu.FaizullinDR.Sprint5.Task7.V1.Lib", "Tyuiu.FaizullinDR.Sprint5.Task7.V1.Lib\Tyuiu.FaizullinDR.Sprint5.Task7.V1.Lib.csproj", "{53E23B4E-BE4D-4FCA-963E-759DF72F49D4}"
EndProject
Project("{FAE04EC0-301F-11D3-BF4B-00C04F79EFBC}") = "Tyuiu.FaizullinDR.Sprint5.Task7.V1.Test", "Tyuiu.FaizullinDR.Sprint5.Task7.V1.Test\Tyuiu.FaizullinDR.Sprint5.Task7.V1.Test.csproj", "{B7ABD6C8-AD57-4DB9-ABA9-507C86488077}"
EndProject
Global
	GlobalSection(SolutionConfigurationPlatforms) = preSolution
		Debug|Any CPU = Debug|Any CPU
		Debug|ARM = Debug|ARM
		Debug|ARM64 = Debug|ARM64
		Debug|x64 = Debug|x64
		Debug|x86 = Debug|x86
		Release|Any CPU = Release|Any CPU
		Release|ARM = Release|ARM
		Release|ARM64 = Release|ARM64
		Release|x64 = Release|x64
		Release|x86 = Release|x86
	EndGlobalSection
	GlobalSection(ProjectConfigurationPlatforms) = postSolution
		{F6531B3B-263E-4AF2-B4C3-2418474FE569}.Debug|Any CPU.ActiveCfg = Debug|Any CPU
		{F6531B3B-263E-4AF2-B4C3-2418474FE569}.Debug|Any CPU.Build.0 = Debug|Any CPU
		{F6531B3B-263E-4AF2-B4C3-2418474FE569}.Debug|ARM.ActiveCfg = Debug|Any CPU
		{F6531B3B-263E-4AF2-B4C3-2418474FE569}.Debug|ARM.Build.0 = Debug|Any CPU
		{F6531B3B-263E-4AF2-B4C3-2418474FE569}.Debug|ARM64.ActiveCfg = Debug|Any CPU
		{F6531B3B-263E-4AF2-B4C3-2418474FE569}.Debug|ARM64.Build.0 = Debug|Any CPU
		{F6531B3B-263E-4AF2-B4C3-2418474FE569}.Debug|x64.ActiveCfg = Debug|Any CPU
		{F6531B3B-263E-4AF2-B4C3-2418474FE569}.Debug|x64.Build.0 = Debug|Any CPU
		{F6531B3B-263E-4AF2-B4C3-2418474FE569}.Debug|x86.ActiveCfg = Debug|Any CPU
		{F6531B3B-263E-4AF2-B4C3-2418474FE569}.Debug|x86.Build.0 = Debug|Any CPU
		{F6531B3B-263E-4AF2-B4C3-2418474FE569}.Release|Any CPU.ActiveCfg = Release|Any CPU
		{F6531B3B-263E-4AF2-B4C3-2418474FE569}.Release|Any CPU.Build.0 = Release|Any CPU
		{F6531B3B-263E-4AF2-B4C3-2418474FE569}.Release|ARM.ActiveCfg = Release|Any CPU
		{F6531B3B-263E-4AF2-B4C3-2418474FE569}.Release|ARM.Build.0 = Release|Any CPU
		{F6531B3B-263E-4AF2-B4C3-2418474FE569}.Release|ARM64.ActiveCfg = Release|Any CPU
		{F6531B3B-263E-4AF2-B4C3-2418474FE569}.Release|ARM64.Build.0 = Release|Any CPU
		{F6531B3B-263E-4AF2-B4C3-2418474FE569}.Release|x64.ActiveCfg = Release|Any CPU
		{F6531B3B-263E-4AF2-B4C3-2418474FE569}.Release|x64.Build.0 = Release|Any CPU
		{F6531B3B-263E-4AF2-B4C3-2418474FE569}.Release|x86.ActiveCfg = Release|Any CPU
		{F6531B3B-263E-4AF2-B4C3-2418474FE569}.Release|x86.Build.0 = Release|Any CPU
		{9E0D0555-32DB-4DF2-98C5-975B99125E25}.Debug|Any CPU.ActiveCfg = Debug|Any CPU
		{9E0D0555-32DB-4DF2-98C5-975B99125E25}.Debug|Any CPU.Build.0 = Debug|Any CPU
		{9E0D0555-32DB-4DF2-98C5-975B99125E25}.Debug|ARM.ActiveCfg = Debug|Any CPU
		{9E0D0555-32DB-4DF2-98C5-975B99125E25}.Debug|ARM.Build.0 = Debug|Any CPU
		{9E0D0555-32DB-4DF2-98C5-975B99125E25}.Debug|ARM64.ActiveCfg = Debug|Any CPU
		{9E0D0555-32DB-4DF2-98C5-975B99125E25}.Debug|ARM64.Build.0 = Debug|Any CPU
		{9E0D0555-32DB-4DF2-98C5-975B99125E25}.Debug|x64.ActiveCfg = Debug|Any CPU
		{9E0D0555-32DB-4DF2-98C5-975B99125E25}.Debug|x64.Build.0 = Debug|Any CPU
		{9E0D0555-32DB-4DF2-98C5-975B99125E25}.Debug|x86.ActiveCfg = Debug|Any CPU
		{9E0D0555-32DB-4DF2-98C5-975B99125E25}.Debug|x86.Build.0 = Debug|Any CPU
		{9E0D0555-32DB-4DF2-98C5-975B99125E25}.Release|Any CPU.ActiveCfg = Release|Any CPU
		{9E0D0555-32DB-4DF2-98C5-975B99125E25}.Release|Any CPU.Build.0 = Release|Any CPU
		{9E0D0555-32DB-4DF2-98C5-975B99125E25}.Release|ARM.ActiveCfg = Release|Any CPU
		{9E0D0555-32DB-4DF2-98C5-975B99125E25}.Release|ARM.Build.0 = Release|Any CPU
		{9E0D0555-32DB-4DF2-98C5-975B99125E25}.Release|ARM64.ActiveCfg = Release|Any CPU
		{9E0D0555-32DB-4DF2-98C5-975B99125E25}.Release|ARM64.Build.0 = Release|Any CPU
		{9E0D0555-32DB-4DF2-98C5-975B99125E25}.Release|x64.ActiveCfg = Release|Any CPU
		{9E0D0555-32DB-4DF2-98C5-975B99125E25}.Release|x64.Build.0 = Release|Any CPU
		{9E0D0555-32DB-4DF2-98C5-975B99125E25}.Release|x86.ActiveCfg = Release|Any CPU
		{9E0D0555-32DB-4DF2-98C5-975B99125E25}.Release|x86.Build.0 = Release|Any CPU
		{F5411F53-184A-4A44-B97B-76C38EE8C673}.Debug|Any CPU.ActiveCfg = Debug|Any CPU
		{F5411F53-184A-4A44-B97B-76C38EE8C673}.Debug|Any CPU.Build.0 = Debug|Any CPU
		{F5411F53-184A-4A44-B97B-76C38EE8C673}.Debug|ARM.ActiveCfg = Debug|Any CPU
		{F5411F53-184A-4A44-B97B-76C38EE8C673}.Debug|ARM.Build.0 = Debug|Any CPU
		{F5411F53-184A-4A44-B97B-76C38EE8C673}.Debug|ARM64.ActiveCfg = Debug|Any CPU
		{F5411F53-184A-4A44-B97B-76C38EE8C673}.Debug|ARM64.Build.0 = Debug|Any CPU
		{F5411F53-184A-4A44-B97B-76C38EE8C673}.Debug|x64.ActiveCfg = Debug|Any CPU
		{F5411F53-184A-4A44-B97B-76C38EE8C673}.Debug|x64.Build.0 = Debug|Any CPU
		{F5411F53-184A-4A44-B97B-76C38EE8C673}.Debug|x86.ActiveCfg = Debug|Any CPU
		{F5411F53-184A-4A44-B97B-76C38EE8C673}.Debug|x86.Build.0 = Debug|Any CPU
		{F5411F53-184A-4A44-B97B-76C38EE8C673}.Release|Any CPU.ActiveCfg = Release|Any CPU
		{F5411F53-184A-4A44-B97B-76C38EE8C673}.Release|Any CPU.Build.0 = Release|Any CPU
		{F5411F53-184A-4A44-B97B-76C38EE8C673}.Release|ARM.ActiveCfg = Release|Any CPU
		{F5411F53-184A-4A44-B97B-76C38EE8C673}.Release|ARM.Build.0 = Release|Any CPU
		{F5411F53-184A-4A44-B97B-76C38EE8C673}.Release|ARM64.ActiveCfg = Release|Any CPU
		{F5411F53-184A-4A44-B97B-76C38EE8C673}.Release|ARM64.Build.0 = Release|Any CPU
		{F5411F53-184A-4A44-B97B-76C38EE8C673}.Release|x64.ActiveCfg = Release|Any CPU
		{F5411F53-184A-4A44-B97B-76C38EE8C673}.Release|x64.Build.0 = Release|Any CPU
		{F5411F53-184A-4A44-B97B-76C38EE8C673}.Release|x86.ActiveCfg = Release|Any CPU
		{F5411F53-184A-4A44-B97B-76C38EE8C673}.Release|x86.Build.0 = Release|Any CPU
		{AC568B2E-F0D4-4C3F-9E6F-9D5EA33FB8EB}.Debug|Any CPU.ActiveCfg = Debug|Any CPU
		{AC568B2E-F0D4-4C3F-9E6F-9D5EA33FB8EB}.Debug|Any CPU.Build.0 = Debug|Any CPU
		{AC568B2E-F0D4-4C3F-9E6F-9D5EA33FB8EB}.Debug|ARM.ActiveCfg = Debug|Any CPU
		{AC568B2E-F0D4-4C3F-9E6F-9D5EA33FB8EB}.Debug|ARM.Build.0 = Debug|Any CPU
		{AC568B2E-F0D4-4C3F-9E6F-9D5EA33FB8EB}.Debug|ARM64.ActiveCfg = Debug|Any CPU
		{AC568B2E-F0D4-4C3F-9E6F-9D5EA33FB8EB}.Debug|ARM64.Build.0 = Debug|Any CPU
		{AC568B2E-F0D4-4C3F-9E6F-9D5EA33FB8EB}.Debug|x64.ActiveCfg = Debug|Any CPU
		{AC568B2E-F0D4-4C3F-9E6F-9D5EA33FB8EB}.Debug|x64.Build.0 = Debug|Any CPU
		{AC568B2E-F0D4-4C3F-9E6F-9D5EA33FB8EB}.Debug|x86.ActiveCfg = Debug|Any CPU
		{AC568B2E-F0D4-4C3F-9E6F-9D5EA33FB8EB}.Debug|x86.Build.0 = Debug|Any CPU
		{AC568B2E-F0D4-4C3F-9E6F-9D5EA33FB8EB}.Release|Any CPU.ActiveCfg = Release|Any CPU
		{AC568B2E-F0D4-4C3F-9E6F-9D5EA33FB8EB}.Release|Any CPU.Build.0 = Release|Any CPU
		{AC568B2E-F0D4-4C3F-9E6F-9D5EA33FB8EB}.Release|ARM.ActiveCfg = Release|Any CPU
		{AC568B2E-F0D4-4C3F-9E6F-9D5EA33FB8EB}.Release|ARM.Build.0 = Release|Any CPU
		{AC568B2E-F0D4-4C3F-9E6F-9D5EA33FB8EB}.Release|ARM64.ActiveCfg = Release|Any CPU
		{AC568B2E-F0D4-4C3F-9E6F-9D5EA33FB8EB}.Release|ARM64.Build.0 = Release|Any CPU
		{AC568B2E-F0D4-4C3F-9E6F-9D5EA33FB8EB}.Release|x64.ActiveCfg = Release|Any CPU
		{AC568B2E-F0D4-4C3F-9E6F-9D5EA33FB8EB}.Release|x64.Build.0 = Release|Any CPU
		{AC568B2E-F0D4-4C3F-9E6F-9D5EA33FB8EB}.Release|x86.ActiveCfg = Release|Any CPU
		{AC568B2E-F0D4-4C3F-9E6F-9D5EA33FB8EB}.Release|x86.Build.0 = Release|Any CPU
		{E9E9AB4D-6A16-4380-9CA5-6B2B006C60BF}.Debug|Any CPU.ActiveCfg = Debug|Any CPU
		{E9E9AB4D-6A16-4380-9CA5-6B2B006C60BF}.Debug|Any CPU.Build.0 = Debug|Any CPU
		{E9E9AB4D-6A16-4380-9CA5-6B2B006C60BF}.Debug|ARM.ActiveCfg = Debug|Any CPU
		{E9E9AB4D-6A16-4380-9CA5-6B2B006C60BF}.Debug|ARM.Build.0 = Debug|Any CPU
		{E9E9AB4D-6A16-4380-9CA5-6B2B006C60BF}.Debug|ARM64.ActiveCfg = Debug|Any CPU
		{E9E9AB4D-6A16-4380-9CA5-6B2B006C60BF}.Debug|ARM64.Build.0 = Debug|Any CPU
		{E9E9AB4D-6A16-4380-9CA5-6B2B006C60BF}.Debug|x64.ActiveCfg = Debug|Any CPU
		{E9E9AB4D-6A16-4380-9CA5-6B2B006C60BF}.Debug|x64.Build.0 = Debug|Any CPU
		{E9E9AB4D-6A16-4380-9CA5-6B2B006C60BF}.Debug|x86.ActiveCfg = Debug|Any CPU
		{E9E9AB4D-6A16-4380-9CA5-6B2B006C60BF}.Debug|x86.Build.0 = Debug|Any CPU
		{E9E9AB4D-6A16-4380-9CA5-6B2B006C60BF}.Release|Any CPU.ActiveCfg = Release|Any CPU
		{E9E9AB4D-6A16-4380-9CA5-6B2B006C60BF}.Release|Any CPU.Build.0 = Release|Any CPU
		{E9E9AB4D-6A16-4380-9CA5-6B2B006C60BF}.Release|ARM.ActiveCfg = Release|Any CPU
		{E9E9AB4D-6A16-4380-9CA5-6B2B006C60BF}.Release|ARM.Build.0 = Release|Any CPU
		{E9E9AB4D-6A16-4380-9CA5-6B2B006C60BF}.Release|ARM64.ActiveCfg = Release|Any CPU
		{E9E9AB4D-6A16-4380-9CA5-6B2B006C60BF}.Release|ARM64.Build.0 = Release|Any CPU
		{E9E9AB4D-6A16-4380-9CA5-6B2B006C60BF}.Release|x64.ActiveCfg = Release|Any CPU
		{E9E9AB4D-6A16-4380-9CA5-6B2B006C60BF}.Release|x64.Build.0 = Release|Any CPU
		{E9E9AB4D-6A16-4380-9CA5-6B2B006C60BF}.Release|x86.ActiveCfg = Release|Any CPU
		{E9E9AB4D-6A16-4380-9CA5-6B2B006C60BF}.Release|x86.Build.0 = Release|Any CPU
		{AF02D73D-C3E7-4099-9F9A-1F2FF8075E1C}.Debug|Any CPU.ActiveCfg = Debug|Any CPU
		{AF02D73D-C3E7-4099-9F9A-1F2FF8075E1C}.Debug|Any CPU.Build.0 = Debug|Any CPU
		{AF02D73D-C3E7-4099-9F9A-1F2FF8075E1C}.Debug|ARM.ActiveCfg = Debug|Any CPU
		{AF02D73D-C3E7-4099-9F9A-1F2FF8075E1C}.Debug|ARM.Build.0 = Debug|Any CPU
		{AF02D73D-C3E7-4099-9F9A-1F2FF8075E1C}.Debug|ARM64.ActiveCfg = Debug|Any CPU
		{AF02D73D-C3E7-4099-9F9A-1F2FF8075E1C}.Debug|ARM64.Build.0 = Debug|Any CPU
		{AF02D73D-C3E7-4099-9F9A-1F2FF8075E1C}.Debug|x64.ActiveCfg = Debug|Any CPU
		{AF02D73D-C3E7-4099-9F9A-1F2FF8075E1C}.Debug|x64.Build.0 = Debug|Any CPU
		{AF02D73D-C3E7-4099-9F9A-1F2FF8075E1C}.Debug|x86.ActiveCfg = Debug|Any CPU
		{AF02D73D-C3E7-4099-9F9A-1F2FF8075E1C}.Debug|x86.Build.0 = Debug|Any CPU
		{AF02D73D-C3E7-4099-9F9A-1F2FF8075E1C}.Release|Any CPU.ActiveCfg = Release|Any CPU
		{AF02D73D-C3E7-4099-9F9A-1F2FF8075E1C}.Release|Any CPU.Build.0 = Release|Any CPU
		{AF02D73D-C3E7-4099-9F9A-1F2FF8075E1C}.Release|ARM.ActiveCfg = Release|Any CPU
		{AF02D73D-C3E7-4099-9F9A-1F2FF8075E1C}.Release|ARM.Build.0 = Release|Any CPU
		{AF02D73D-C3E7-4099-9F9A-1F2FF8075E1C}.Release|ARM64.ActiveCfg = Release|Any CPU
		{AF02D73D-C3E7-4099-9F9A-1F2FF8075E1C}.Release|ARM64.Build.0 = Release|Any CPU
		{AF02D73D-C3E7-4099-9F9A-1F2FF8075E1C}.Release|x64.ActiveCfg = Release|Any CPU
		{AF02D73D-C3E7-4099-9F9A-1F2FF8075E1C}.Release|x64.Build.0 = Release|Any CPU
		{AF02D73D-C3E7-4099-9F9A-1F2FF8075E1C}.Release|x86.ActiveCfg = Release|Any CPU
		{AF02D73D-C3E7-4099-9F9A-1F2FF8075E1C}.Release|x86.Build.0 = Release|Any CPU
		{54EB49E7-23AB-4DA7-BEA4-F24B82CE05EA}.Debug|Any CPU.ActiveCfg = Debug|Any CPU
		{54EB49E7-23AB-4DA7-BEA4-F24B82CE05EA}.Debug|Any CPU.Build.0 = Debug|Any CPU
		{54EB49E7-23AB-4DA7-BEA4-F24B82CE05EA}.Debug|ARM.ActiveCfg = Debug|Any CPU
		{54EB49E7-23AB-4DA7-BEA4-F24B82CE05EA}.Debug|ARM.Build.0 = Debug|Any CPU
		{54EB49E7-23AB-4DA7-BEA4-F24B82CE05EA}.Debug|ARM64.ActiveCfg = Debug|Any CPU
		{54EB49E7-23AB-4DA7-BEA4-F24B82CE05EA}.Debug|ARM64.Build.0 = Debug|Any CPU
		{54EB49E7-23AB-4DA7-BEA4-F24B82CE05EA}.Debug|x64.ActiveCfg = Debug|Any CPU
		{54EB49E7-23AB-4DA7-BEA4-F24B82CE05EA}.Debug|x64.Build.0 = Debug|Any CPU
		{54EB49E7-23AB-4DA7-BEA4-F24B82CE05EA}.Debug|x86.ActiveCfg = Debug|Any CPU
		{54EB49E7-23AB-4DA7-BEA4-F24B82CE05EA}.Debug|x86.Build.0 = Debug|Any CPU
		{54EB49E7-23AB-4DA7-BEA4-F24B82CE05EA}.Release|Any CPU.ActiveCfg = Release|Any CPU
		{54EB49E7-23AB-4DA7-BEA4-F24B82CE05EA}.Release|Any CPU.Build.0 = Release|Any CPU
		{54EB49E7-23AB-4DA7-BEA4-F24B82CE05EA}.Release|ARM.ActiveCfg = Release|Any CPU
		{54EB49E7-23AB-4DA7-BEA4-F24B82CE05EA}.Release|ARM.Build.0 = Release|Any CPU
		{54EB49E7-23AB-4DA7-BEA4-F24B82CE05EA}.Release|ARM64.ActiveCfg = Release|Any CPU
		{54EB49E7-23AB-4DA7-BEA4-F24B82CE05EA}.Release|ARM64.Build.0 = Release|Any CPU
		{54EB49E7-23AB-4DA7-BEA4-F24B82CE05EA}.Release|x64.ActiveCfg = Release|Any CPU
		{54EB49E7-23AB-4DA7-BEA4-F24B82CE05EA}.Release|x64.Build.0 = Release|Any CPU
		{54EB49E7-23AB-4DA7-BEA4-F24B82CE05EA}.Release|x86.ActiveCfg = Release|Any CPU
		{54EB49E7-23AB-4DA7-BEA4-F24B82CE05EA}.Release|x86.Build.0 = Release|Any CPU
		{E77DDA19-C867-44B9-876E-66A93800BCC9}.Debug|Any CPU.ActiveCfg = Debug|Any CPU
		{E77DDA19-C867-44B9-876E-66A93800BCC9}.Debug|Any CPU.Build.0 = Debug|Any CPU
		{E77DDA19-C867-44B9-876E-66A93800BCC9}.Debug|ARM.ActiveCfg = Debug|Any CPU
		{E77DDA19-C867-44B9-876E-66A93800BCC9}.Debug|ARM.Build.0 = Debug|Any CPU
		{E77DDA19-C867-44B9-876E-66A93800BCC9}.Debug|ARM64.ActiveCfg = Debug|Any CPU
		{E77DDA19-C867-44B9-876E-66A93800BCC9}.Debug|ARM64.Build.0 = Debug|Any CPU
		{E77DDA19-C867-44B9-876E-66A93800BCC9}.Debug|x64.ActiveCfg = Debug|Any CPU
		{E77DDA19-C867-44B9-876E-66A93800BCC9}.Debug|x64.Build.0 = Debug|Any CPU
		{E77DDA19-C867-44B9-876E-66A93800BCC9}.Debug|x86.ActiveCfg = Debug|Any CPU
		{E77DDA19-C867-44B9-876E-66A93800BCC9}.Debug|x86.Build.0 = Debug|Any CPU
		{E77DDA19-C867-44B9-876E-66A93800BCC9}.Release|Any CPU.ActiveCfg = Release|Any CPU
		{E77DDA19-C867-44B9-876E-66A93800BCC9}.Release|Any CPU.Build.0 = Release|Any CPU
		{E77DDA19-C867-44B9-876E-66A93800BCC9}.Release|ARM.ActiveCfg = Release|Any CPU
		{E77DDA19-C867-44B9-876E-66A93800BCC9}.Release|ARM.Build.0 = Release|Any CPU
		{E77DDA19-C867-44B9-876E-66A93800BCC9}.Release|ARM64.ActiveCfg = Release|Any CPU
		{E77DDA19-C867-44B9-876E-66A93800BCC9}.Release|ARM64.Build.0 = Release|Any CPU
		{E77DDA19-C867-44B9-876E-66A93800BCC9}.Release|x64.ActiveCfg = Release|Any CPU
		{E77DDA19-C867-44B9-876E-66A93800BCC9}.Release|x64.Build.0 = Release|Any CPU
		{E77DDA19-C867-44B9-876E-66A93800BCC9}.Release|x86.ActiveCfg = Release|Any CPU
		{E77DDA19-C867-44B9-876E-66A93800BCC9}.Release|x86.Build.0 = Release|Any CPU
		{DCA72104-52E0-47B8-BF7F-3F074B3DCEDB}.Debug|Any CPU.ActiveCfg = Debug|Any CPU
		{DCA72104-52E0-47B8-BF7F-3F074B3DCEDB}.Debug|Any CPU.Build.0 = Debug|Any CPU
		{DCA72104-52E0-47B8-BF7F-3F074B3DCEDB}.Debug|ARM.ActiveCfg = Debug|Any CPU
		{DCA72104-52E0-47B8-BF7F-3F074B3DCEDB}.Debug|ARM.Build.0 = Debug|Any CPU
		{DCA72104-52E0-47B8-BF7F-3F074B3DCEDB}.Debug|ARM64.ActiveCfg = Debug|Any CPU
		{DCA72104-52E0-47B8-BF7F-3F074B3DCEDB}.Debug|ARM64.Build.0 = Debug|Any CPU
		{DCA72104-52E0-47B8-BF7F-3F074B3DCEDB}.Debug|x64.ActiveCfg = Debug|Any CPU
		{DCA72104-52E0-47B8-BF7F-3F074B3DCEDB}.Debug|x64.Build.0 = Debug|Any CPU
		{DCA72104-52E0-47B8-BF7F-3F074B3DCEDB}.Debug|x86.ActiveCfg = Debug|Any CPU
		{DCA72104-52E0-47B8-BF7F-3F074B3DCEDB}.Debug|x86.Build.0 = Debug|Any CPU
		{DCA72104-52E0-47B8-BF7F-3F074B3DCEDB}.Release|Any CPU.ActiveCfg = Release|Any CPU
		{DCA72104-52E0-47B8-BF7F-3F074B3DCEDB}.Release|Any CPU.Build.0 = Release|Any CPU
		{DCA72104-52E0-47B8-BF7F-3F074B3DCEDB}.Release|ARM.ActiveCfg = Release|Any CPU
		{DCA72104-52E0-47B8-BF7F-3F074B3DCEDB}.Release|ARM.Build.0 = Release|Any CPU
		{DCA72104-52E0-47B8-BF7F-3F074B3DCEDB}.Release|ARM64.ActiveCfg = Release|Any CPU
		{DCA72104-52E0-47B8-BF7F-3F074B3DCEDB}.Release|ARM64.Build.0 = Release|Any CPU
		{DCA72104-52E0-47B8-BF7F-3F074B3DCEDB}.Release|x64.ActiveCfg = Release|Any CPU
		{DCA72104-52E0-47B8-BF7F-3F074B3DCEDB}.Release|x64.Build.0 = Release|Any CPU
		{DCA72104-52E0-47B8-BF7F-3F074B3DCEDB}.Release|x86.ActiveCfg = Release|Any CPU
		{DCA72104-52E0-47B8-BF7F-3F074B3DCEDB}.Release|x86.Build.0 = Release|Any CPU
		{32A0A8F8-3F44-48B0-A020-2D458875B262}.Debug|Any CPU.ActiveCfg = Debug|Any CPU
		{32A0A8F8-3F44-48B0-A020-2D458875B262}.Debug|Any CPU.Build.0 = Debug|Any CPU
		{32A0A8F8-3F44-48B0-A020-2D458875B262}.Debug|ARM.ActiveCfg = Debug|Any CPU
		{32A0A8F8-3F44-48B0-A020-2D458875B262}.Debug|ARM.Build.0 = Debug|Any CPU
		{32A0A8F8-3F44-48B0-A020-2D458875B262}.Debug|ARM64.ActiveCfg = Debug|Any CPU
		{32A0A8F8-3F44-48B0-A020-2D458875B262}.Debug|ARM64.Build.0 = Debug|Any CPU
		{32A0A8F8-3F44-48B0-A020-2D458875B262}.Debug|x64.ActiveCfg = Debug|Any CPU
		{32A0A8F8-3F44-48B0-A020-2D458875B262}.Debug|x64.Build.0 = Debug|Any CPU
		{32A0A8F8-3F44-48B0-A020-2D458875B262}.Debug|x86.ActiveCfg = Debug|Any CPU
		{32A0A8F8-3F44-48B0-A020-2D458875B262}.Debug|x86.Build.0 = Debug|Any CPU
		{32A0A8F8-3F44-48B0-A020-2D458875B262}.Release|Any CPU.ActiveCfg = Release|Any CPU
		{32A0A8F8-3F44-48B0-A020-2D458875B262}.Release|Any CPU.Build.0 = Release|Any CPU
		{32A0A8F8-3F44-48B0-A020-2D458875B262}.Release|ARM.ActiveCfg = Release|Any CPU
		{32A0A8F8-3F44-48B0-A020-2D458875B262}.Release|ARM.Build.0 = Release|Any CPU
		{32A0A8F8-3F44-48B0-A020-2D458875B262}.Release|ARM64.ActiveCfg = Release|Any CPU
		{32A0A8F8-3F44-48B0-A020-2D458875B262}.Release|ARM64.Build.0 = Release|Any CPU
		{32A0A8F8-3F44-48B0-A020-2D458875B262}.Release|x64.ActiveCfg = Release|Any CPU
		{32A0A8F8-3F44-48B0-A020-2D458875B262}.Release|x64.Build.0 = Release|Any CPU
		{32A0A8F8-3F44-48B0-A020-2D458875B262}.Release|x86.ActiveCfg = Release|Any CPU
		{32A0A8F8-3F44-48B0-A020-2D458875B262}.Release|x86.Build.0 = Release|Any CPU
		{6C9239D5-2C76-4721-B1E2-813717611A27}.Debug|Any CPU.ActiveCfg = Debug|Any CPU
		{6C9239D5-2C76-4721-B1E2-813717611A27}.Debug|Any CPU.Build.0 = Debug|Any CPU
		{6C9239D5-2C76-4721-B1E2-813717611A27}.Debug|ARM.ActiveCfg = Debug|Any CPU
		{6C9239D5-2C76-4721-B1E2-813717611A27}.Debug|ARM.Build.0 = Debug|Any CPU
		{6C9239D5-2C76-4721-B1E2-813717611A27}.Debug|ARM64.ActiveCfg = Debug|Any CPU
		{6C9239D5-2C76-4721-B1E2-813717611A27}.Debug|ARM64.Build.0 = Debug|Any CPU
		{6C9239D5-2C76-4721-B1E2-813717611A27}.Debug|x64.ActiveCfg = Debug|Any CPU
		{6C9239D5-2C76-4721-B1E2-813717611A27}.Debug|x64.Build.0 = Debug|Any CPU
		{6C9239D5-2C76-4721-B1E2-813717611A27}.Debug|x86.ActiveCfg = Debug|Any CPU
		{6C9239D5-2C76-4721-B1E2-813717611A27}.Debug|x86.Build.0 = Debug|Any CPU
		{6C9239D5-2C76-4721-B1E2-813717611A27}.Release|Any CPU.ActiveCfg = Release|Any CPU
		{6C9239D5-2C76-4721-B1E2-813717611A27}.Release|Any CPU.Build.0 = Release|Any CPU
		{6C9239D5-2C76-4721-B1E2-813717611A27}.Release|ARM.ActiveCfg = Release|Any CPU
		{6C9239D5-2C76-4721-B1E2-813717611A27}.Release|ARM.Build.0 = Release|Any CPU
		{6C9239D5-2C76-4721-B1E2-813717611A27}.Release|ARM64.ActiveCfg = Release|Any CPU
		{6C9239D5-2C76-4721-B1E2-813717611A27}.Release|ARM64.Build.0 = Release|Any CPU
		{6C9239D5-2C76-4721-B1E2-813717611A27}.Release|x64.ActiveCfg = Release|Any CPU
		{6C9239D5-2C76-4721-B1E2-813717611A27}.Release|x64.Build.0 = Release|Any CPU
		{6C9239D5-2C76-4721-B1E2-813717611A27}.Release|x86.ActiveCfg = Release|Any CPU
		{6C9239D5-2C76-4721-B1E2-813717611A27}.Release|x86.Build.0 = Release|Any CPU
		{3A68FF1F-A3E5-45BA-A182-C635E1B60613}.Debug|Any CPU.ActiveCfg = Debug|Any CPU
		{3A68FF1F-A3E5-45BA-A182-C635E1B60613}.Debug|Any CPU.Build.0 = Debug|Any CPU
		{3A68FF1F-A3E5-45BA-A182-C635E1B60613}.Debug|ARM.ActiveCfg = Debug|Any CPU
		{3A68FF1F-A3E5-45BA-A182-C635E1B60613}.Debug|ARM.Build.0 = Debug|Any CPU
		{3A68FF1F-A3E5-45BA-A182-C635E1B60613}.Debug|ARM64.ActiveCfg = Debug|Any CPU
		{3A68FF1F-A3E5-45BA-A182-C635E1B60613}.Debug|ARM64.Build.0 = Debug|Any CPU
		{3A68FF1F-A3E5-45BA-A182-C635E1B60613}.Debug|x64.ActiveCfg = Debug|Any CPU
		{3A68FF1F-A3E5-45BA-A182-C635E1B60613}.Debug|x64.Build.0 = Debug|Any CPU
		{3A68FF1F-A3E5-45BA-A182-C635E1B60613}.Debug|x86.ActiveCfg = Debug|Any CPU
		{3A68FF1F-A3E5-45BA-A182-C635E1B60613}.Debug|x86.Build.0 = Debug|Any CPU
		{3A68FF1F-A3E5-45BA-A182-C635E1B60613}.Release|Any CPU.ActiveCfg = Release|Any CPU
		{3A68FF1F-A3E5-45BA-A182-C635E1B60613}.Release|Any CPU.Build.0 = Release|Any CPU
		{3A68FF1F-A3E5-45BA-A182-C635E1B60613}.Release|ARM.ActiveCfg = Release|Any CPU
		{3A68FF1F-A3E5-45BA-A182-C635E1B60613}.Release|ARM.Build.0 = Release|Any CPU
		{3A68FF1F-A3E5-45BA-A182-C635E1B60613}.Release|ARM64.ActiveCfg = Release|Any CPU
		{3A68FF1F-A3E5-45BA-A182-C635E1B60613}.Release|ARM64.Build.0 = Release|Any CPU
		{3A68FF1F-A3E5-45BA-A182-C635E1B60613}.Release|x64.ActiveCfg = Release|Any CPU
		{3A68FF1F-A3E5-45BA-A182-C635E1B60613}.Release|x64.Build.0 = Release|Any CPU
		{3A68FF1F-A3E5-45BA-A182-C635E1B60613}.Release|x86.ActiveCfg = Release|Any CPU
		{3A68FF1F-A3E5-45BA-A182-C635E1B60613}.Release|x86.Build.0 = Release|Any CPU
		{013C1BF0-AAC4-48D7-85C8-BB9B64AC741B}.Debug|Any CPU.ActiveCfg = Debug|Any CPU
		{013C1BF0-AAC4-48D7-85C8-BB9B64AC741B}.Debug|Any CPU.Build.0 = Debug|Any CPU
		{013C1BF0-AAC4-48D7-85C8-BB9B64AC741B}.Debug|ARM.ActiveCfg = Debug|Any CPU
		{013C1BF0-AAC4-48D7-85C8-BB9B64AC741B}.Debug|ARM.Build.0 = Debug|Any CPU
		{013C1BF0-AAC4-48D7-85C8-BB9B64AC741B}.Debug|ARM64.ActiveCfg = Debug|Any CPU
		{013C1BF0-AAC4-48D7-85C8-BB9B64AC741B}.Debug|ARM64.Build.0 = Debug|Any CPU
		{013C1BF0-AAC4-48D7-85C8-BB9B64AC741B}.Debug|x64.ActiveCfg = Debug|Any CPU
		{013C1BF0-AAC4-48D7-85C8-BB9B64AC741B}.Debug|x64.Build.0 = Debug|Any CPU
		{013C1BF0-AAC4-48D7-85C8-BB9B64AC741B}.Debug|x86.ActiveCfg = Debug|Any CPU
		{013C1BF0-AAC4-48D7-85C8-BB9B64AC741B}.Debug|x86.Build.0 = Debug|Any CPU
		{013C1BF0-AAC4-48D7-85C8-BB9B64AC741B}.Release|Any CPU.ActiveCfg = Release|Any CPU
		{013C1BF0-AAC4-48D7-85C8-BB9B64AC741B}.Release|Any CPU.Build.0 = Release|Any CPU
		{013C1BF0-AAC4-48D7-85C8-BB9B64AC741B}.Release|ARM.ActiveCfg = Release|Any CPU
		{013C1BF0-AAC4-48D7-85C8-BB9B64AC741B}.Release|ARM.Build.0 = Release|Any CPU
		{013C1BF0-AAC4-48D7-85C8-BB9B64AC741B}.Release|ARM64.ActiveCfg = Release|Any CPU
		{013C1BF0-AAC4-48D7-85C8-BB9B64AC741B}.Release|ARM64.Build.0 = Release|Any CPU
		{013C1BF0-AAC4-48D7-85C8-BB9B64AC741B}.Release|x64.ActiveCfg = Release|Any CPU
		{013C1BF0-AAC4-48D7-85C8-BB9B64AC741B}.Release|x64.Build.0 = Release|Any CPU
		{013C1BF0-AAC4-48D7-85C8-BB9B64AC741B}.Release|x86.ActiveCfg = Release|Any CPU
		{013C1BF0-AAC4-48D7-85C8-BB9B64AC741B}.Release|x86.Build.0 = Release|Any CPU
		{1ABEE917-7CB2-41F0-89B3-E6E4B657F327}.Debug|Any CPU.ActiveCfg = Debug|Any CPU
		{1ABEE917-7CB2-41F0-89B3-E6E4B657F327}.Debug|Any CPU.Build.0 = Debug|Any CPU
		{1ABEE917-7CB2-41F0-89B3-E6E4B657F327}.Debug|ARM.ActiveCfg = Debug|Any CPU
		{1ABEE917-7CB2-41F0-89B3-E6E4B657F327}.Debug|ARM.Build.0 = Debug|Any CPU
		{1ABEE917-7CB2-41F0-89B3-E6E4B657F327}.Debug|ARM64.ActiveCfg = Debug|Any CPU
		{1ABEE917-7CB2-41F0-89B3-E6E4B657F327}.Debug|ARM64.Build.0 = Debug|Any CPU
		{1ABEE917-7CB2-41F0-89B3-E6E4B657F327}.Debug|x64.ActiveCfg = Debug|Any CPU
		{1ABEE917-7CB2-41F0-89B3-E6E4B657F327}.Debug|x64.Build.0 = Debug|Any CPU
		{1ABEE917-7CB2-41F0-89B3-E6E4B657F327}.Debug|x86.ActiveCfg = Debug|Any CPU
		{1ABEE917-7CB2-41F0-89B3-E6E4B657F327}.Debug|x86.Build.0 = Debug|Any CPU
		{1ABEE917-7CB2-41F0-89B3-E6E4B657F327}.Release|Any CPU.ActiveCfg = Release|Any CPU
		{1ABEE917-7CB2-41F0-89B3-E6E4B657F327}.Release|Any CPU.Build.0 = Release|Any CPU
		{1ABEE917-7CB2-41F0-89B3-E6E4B657F327}.Release|ARM.ActiveCfg = Release|Any CPU
		{1ABEE917-7CB2-41F0-89B3-E6E4B657F327}.Release|ARM.Build.0 = Release|Any CPU
		{1ABEE917-7CB2-41F0-89B3-E6E4B657F327}.Release|ARM64.ActiveCfg = Release|Any CPU
		{1ABEE917-7CB2-41F0-89B3-E6E4B657F327}.Release|ARM64.Build.0 = Release|Any CPU
		{1ABEE917-7CB2-41F0-89B3-E6E4B657F327}.Release|x64.ActiveCfg = Release|Any CPU
		{1ABEE917-7CB2-41F0-89B3-E6E4B657F327}.Release|x64.Build.0 = Release|Any CPU
		{1ABEE917-7CB2-41F0-89B3-E6E4B657F327}.Release|x86.ActiveCfg = Release|Any CPU
		{1ABEE917-7CB2-41F0-89B3-E6E4B657F327}.Release|x86.Build.0 = Release|Any CPU
		{443BE12D-5966-4C6D-A104-765D0E9DCABE}.Debug|Any CPU.ActiveCfg = Debug|Any CPU
		{443BE12D-5966-4C6D-A104-765D0E9DCABE}.Debug|Any CPU.Build.0 = Debug|Any CPU
		{443BE12D-5966-4C6D-A104-765D0E9DCABE}.Debug|ARM.ActiveCfg = Debug|Any CPU
		{443BE12D-5966-4C6D-A104-765D0E9DCABE}.Debug|ARM.Build.0 = Debug|Any CPU
		{443BE12D-5966-4C6D-A104-765D0E9DCABE}.Debug|ARM64.ActiveCfg = Debug|Any CPU
		{443BE12D-5966-4C6D-A104-765D0E9DCABE}.Debug|ARM64.Build.0 = Debug|Any CPU
		{443BE12D-5966-4C6D-A104-765D0E9DCABE}.Debug|x64.ActiveCfg = Debug|Any CPU
		{443BE12D-5966-4C6D-A104-765D0E9DCABE}.Debug|x64.Build.0 = Debug|Any CPU
		{443BE12D-5966-4C6D-A104-765D0E9DCABE}.Debug|x86.ActiveCfg = Debug|Any CPU
		{443BE12D-5966-4C6D-A104-765D0E9DCABE}.Debug|x86.Build.0 = Debug|Any CPU
		{443BE12D-5966-4C6D-A104-765D0E9DCABE}.Release|Any CPU.ActiveCfg = Release|Any CPU
		{443BE12D-5966-4C6D-A104-765D0E9DCABE}.Release|Any CPU.Build.0 = Release|Any CPU
		{443BE12D-5966-4C6D-A104-765D0E9DCABE}.Release|ARM.ActiveCfg = Release|Any CPU
		{443BE12D-5966-4C6D-A104-765D0E9DCABE}.Release|ARM.Build.0 = Release|Any CPU
		{443BE12D-5966-4C6D-A104-765D0E9DCABE}.Release|ARM64.ActiveCfg = Release|Any CPU
		{443BE12D-5966-4C6D-A104-765D0E9DCABE}.Release|ARM64.Build.0 = Release|Any CPU
		{443BE12D-5966-4C6D-A104-765D0E9DCABE}.Release|x64.ActiveCfg = Release|Any CPU
		{443BE12D-5966-4C6D-A104-765D0E9DCABE}.Release|x64.Build.0 = Release|Any CPU
		{443BE12D-5966-4C6D-A104-765D0E9DCABE}.Release|x86.ActiveCfg = Release|Any CPU
		{443BE12D-5966-4C6D-A104-765D0E9DCABE}.Release|x86.Build.0 = Release|Any CPU
		{D297AA37-43A2-4EB9-8200-B067E7732E12}.Debug|Any CPU.ActiveCfg = Debug|Any CPU
		{D297AA37-43A2-4EB9-8200-B067E7732E12}.Debug|Any CPU.Build.0 = Debug|Any CPU
		{D297AA37-43A2-4EB9-8200-B067E7732E12}.Debug|ARM.ActiveCfg = Debug|Any CPU
		{D297AA37-43A2-4EB9-8200-B067E7732E12}.Debug|ARM.Build.0 = Debug|Any CPU
		{D297AA37-43A2-4EB9-8200-B067E7732E12}.Debug|ARM64.ActiveCfg = Debug|Any CPU
		{D297AA37-43A2-4EB9-8200-B067E7732E12}.Debug|ARM64.Build.0 = Debug|Any CPU
		{D297AA37-43A2-4EB9-8200-B067E7732E12}.Debug|x64.ActiveCfg = Debug|Any CPU
		{D297AA37-43A2-4EB9-8200-B067E7732E12}.Debug|x64.Build.0 = Debug|Any CPU
		{D297AA37-43A2-4EB9-8200-B067E7732E12}.Debug|x86.ActiveCfg = Debug|Any CPU
		{D297AA37-43A2-4EB9-8200-B067E7732E12}.Debug|x86.Build.0 = Debug|Any CPU
		{D297AA37-43A2-4EB9-8200-B067E7732E12}.Release|Any CPU.ActiveCfg = Release|Any CPU
		{D297AA37-43A2-4EB9-8200-B067E7732E12}.Release|Any CPU.Build.0 = Release|Any CPU
		{D297AA37-43A2-4EB9-8200-B067E7732E12}.Release|ARM.ActiveCfg = Release|Any CPU
		{D297AA37-43A2-4EB9-8200-B067E7732E12}.Release|ARM.Build.0 = Release|Any CPU
		{D297AA37-43A2-4EB9-8200-B067E7732E12}.Release|ARM64.ActiveCfg = Release|Any CPU
		{D297AA37-43A2-4EB9-8200-B067E7732E12}.Release|ARM64.Build.0 = Release|Any CPU
		{D297AA37-43A2-4EB9-8200-B067E7732E12}.Release|x64.ActiveCfg = Release|Any CPU
		{D297AA37-43A2-4EB9-8200-B067E7732E12}.Release|x64.Build.0 = Release|Any CPU
		{D297AA37-43A2-4EB9-8200-B067E7732E12}.Release|x86.ActiveCfg = Release|Any CPU
		{D297AA37-43A2-4EB9-8200-B067E7732E12}.Release|x86.Build.0 = Release|Any CPU
		{EC00E515-A4BC-448F-90CC-AF95AACB5A6C}.Debug|Any CPU.ActiveCfg = Debug|Any CPU
		{EC00E515-A4BC-448F-90CC-AF95AACB5A6C}.Debug|Any CPU.Build.0 = Debug|Any CPU
		{EC00E515-A4BC-448F-90CC-AF95AACB5A6C}.Debug|ARM.ActiveCfg = Debug|Any CPU
		{EC00E515-A4BC-448F-90CC-AF95AACB5A6C}.Debug|ARM.Build.0 = Debug|Any CPU
		{EC00E515-A4BC-448F-90CC-AF95AACB5A6C}.Debug|ARM64.ActiveCfg = Debug|Any CPU
		{EC00E515-A4BC-448F-90CC-AF95AACB5A6C}.Debug|ARM64.Build.0 = Debug|Any CPU
		{EC00E515-A4BC-448F-90CC-AF95AACB5A6C}.Debug|x64.ActiveCfg = Debug|Any CPU
		{EC00E515-A4BC-448F-90CC-AF95AACB5A6C}.Debug|x64.Build.0 = Debug|Any CPU
		{EC00E515-A4BC-448F-90CC-AF95AACB5A6C}.Debug|x86.ActiveCfg = Debug|Any CPU
		{EC00E515-A4BC-448F-90CC-AF95AACB5A6C}.Debug|x86.Build.0 = Debug|Any CPU
		{EC00E515-A4BC-448F-90CC-AF95AACB5A6C}.Release|Any CPU.ActiveCfg = Release|Any CPU
		{EC00E515-A4BC-448F-90CC-AF95AACB5A6C}.Release|Any CPU.Build.0 = Release|Any CPU
		{EC00E515-A4BC-448F-90CC-AF95AACB5A6C}.Release|ARM.ActiveCfg = Release|Any CPU
		{EC00E515-A4BC-448F-90CC-AF95AACB5A6C}.Release|ARM.Build.0 = Release|Any CPU
		{EC00E515-A4BC-448F-90CC-AF95AACB5A6C}.Release|ARM64.ActiveCfg = Release|Any CPU
		{EC00E515-A4BC-448F-90CC-AF95AACB5A6C}.Release|ARM64.Build.0 = Release|Any CPU
		{EC00E515-A4BC-448F-90CC-AF95AACB5A6C}.Release|x64.ActiveCfg = Release|Any CPU
		{EC00E515-A4BC-448F-90CC-AF95AACB5A6C}.Release|x64.Build.0 = Release|Any CPU
		{EC00E515-A4BC-448F-90CC-AF95AACB5A6C}.Release|x86.ActiveCfg = Release|Any CPU
		{EC00E515-A4BC-448F-90CC-AF95AACB5A6C}.Release|x86.Build.0 = Release|Any CPU
		{D4FE95DB-7D13-4255-B1A2-68EA58494DC4}.Debug|Any CPU.ActiveCfg = Debug|Any CPU
		{D4FE95DB-7D13-4255-B1A2-68EA58494DC4}.Debug|Any CPU.Build.0 = Debug|Any CPU
		{D4FE95DB-7D13-4255-B1A2-68EA58494DC4}.Debug|ARM.ActiveCfg = Debug|Any CPU
		{D4FE95DB-7D13-4255-B1A2-68EA58494DC4}.Debug|ARM.Build.0 = Debug|Any CPU
		{D4FE95DB-7D13-4255-B1A2-68EA58494DC4}.Debug|ARM64.ActiveCfg = Debug|Any CPU
		{D4FE95DB-7D13-4255-B1A2-68EA58494DC4}.Debug|ARM64.Build.0 = Debug|Any CPU
		{D4FE95DB-7D13-4255-B1A2-68EA58494DC4}.Debug|x64.ActiveCfg = Debug|Any CPU
		{D4FE95DB-7D13-4255-B1A2-68EA58494DC4}.Debug|x64.Build.0 = Debug|Any CPU
		{D4FE95DB-7D13-4255-B1A2-68EA58494DC4}.Debug|x86.ActiveCfg = Debug|Any CPU
		{D4FE95DB-7D13-4255-B1A2-68EA58494DC4}.Debug|x86.Build.0 = Debug|Any CPU
		{D4FE95DB-7D13-4255-B1A2-68EA58494DC4}.Release|Any CPU.ActiveCfg = Release|Any CPU
		{D4FE95DB-7D13-4255-B1A2-68EA58494DC4}.Release|Any CPU.Build.0 = Release|Any CPU
		{D4FE95DB-7D13-4255-B1A2-68EA58494DC4}.Release|ARM.ActiveCfg = Release|Any CPU
		{D4FE95DB-7D13-4255-B1A2-68EA58494DC4}.Release|ARM.Build.0 = Release|Any CPU
		{D4FE95DB-7D13-4255-B1A2-68EA58494DC4}.Release|ARM64.ActiveCfg = Release|Any CPU
		{D4FE95DB-7D13-4255-B1A2-68EA58494DC4}.Release|ARM64.Build.0 = Release|Any CPU
		{D4FE95DB-7D13-4255-B1A2-68EA58494DC4}.Release|x64.ActiveCfg = Release|Any CPU
		{D4FE95DB-7D13-4255-B1A2-68EA58494DC4}.Release|x64.Build.0 = Release|Any CPU
		{D4FE95DB-7D13-4255-B1A2-68EA58494DC4}.Release|x86.ActiveCfg = Release|Any CPU
		{D4FE95DB-7D13-4255-B1A2-68EA58494DC4}.Release|x86.Build.0 = Release|Any CPU
		{C589042D-05C2-4CCE-B18C-D90F2F958E80}.Debug|Any CPU.ActiveCfg = Debug|Any CPU
		{C589042D-05C2-4CCE-B18C-D90F2F958E80}.Debug|Any CPU.Build.0 = Debug|Any CPU
		{C589042D-05C2-4CCE-B18C-D90F2F958E80}.Debug|ARM.ActiveCfg = Debug|Any CPU
		{C589042D-05C2-4CCE-B18C-D90F2F958E80}.Debug|ARM.Build.0 = Debug|Any CPU
		{C589042D-05C2-4CCE-B18C-D90F2F958E80}.Debug|ARM64.ActiveCfg = Debug|Any CPU
		{C589042D-05C2-4CCE-B18C-D90F2F958E80}.Debug|ARM64.Build.0 = Debug|Any CPU
		{C589042D-05C2-4CCE-B18C-D90F2F958E80}.Debug|x64.ActiveCfg = Debug|Any CPU
		{C589042D-05C2-4CCE-B18C-D90F2F958E80}.Debug|x64.Build.0 = Debug|Any CPU
		{C589042D-05C2-4CCE-B18C-D90F2F958E80}.Debug|x86.ActiveCfg = Debug|Any CPU
		{C589042D-05C2-4CCE-B18C-D90F2F958E80}.Debug|x86.Build.0 = Debug|Any CPU
		{C589042D-05C2-4CCE-B18C-D90F2F958E80}.Release|Any CPU.ActiveCfg = Release|Any CPU
		{C589042D-05C2-4CCE-B18C-D90F2F958E80}.Release|Any CPU.Build.0 = Release|Any CPU
		{C589042D-05C2-4CCE-B18C-D90F2F958E80}.Release|ARM.ActiveCfg = Release|Any CPU
		{C589042D-05C2-4CCE-B18C-D90F2F958E80}.Release|ARM.Build.0 = Release|Any CPU
		{C589042D-05C2-4CCE-B18C-D90F2F958E80}.Release|ARM64.ActiveCfg = Release|Any CPU
		{C589042D-05C2-4CCE-B18C-D90F2F958E80}.Release|ARM64.Build.0 = Release|Any CPU
		{C589042D-05C2-4CCE-B18C-D90F2F958E80}.Release|x64.ActiveCfg = Release|Any CPU
		{C589042D-05C2-4CCE-B18C-D90F2F958E80}.Release|x64.Build.0 = Release|Any CPU
		{C589042D-05C2-4CCE-B18C-D90F2F958E80}.Release|x86.ActiveCfg = Release|Any CPU
		{C589042D-05C2-4CCE-B18C-D90F2F958E80}.Release|x86.Build.0 = Release|Any CPU
		{B3432B3D-83D3-4878-83C1-9B52CB263D8F}.Debug|Any CPU.ActiveCfg = Debug|Any CPU
		{B3432B3D-83D3-4878-83C1-9B52CB263D8F}.Debug|Any CPU.Build.0 = Debug|Any CPU
		{B3432B3D-83D3-4878-83C1-9B52CB263D8F}.Debug|ARM.ActiveCfg = Debug|Any CPU
		{B3432B3D-83D3-4878-83C1-9B52CB263D8F}.Debug|ARM.Build.0 = Debug|Any CPU
		{B3432B3D-83D3-4878-83C1-9B52CB263D8F}.Debug|ARM64.ActiveCfg = Debug|Any CPU
		{B3432B3D-83D3-4878-83C1-9B52CB263D8F}.Debug|ARM64.Build.0 = Debug|Any CPU
		{B3432B3D-83D3-4878-83C1-9B52CB263D8F}.Debug|x64.ActiveCfg = Debug|Any CPU
		{B3432B3D-83D3-4878-83C1-9B52CB263D8F}.Debug|x64.Build.0 = Debug|Any CPU
		{B3432B3D-83D3-4878-83C1-9B52CB263D8F}.Debug|x86.ActiveCfg = Debug|Any CPU
		{B3432B3D-83D3-4878-83C1-9B52CB263D8F}.Debug|x86.Build.0 = Debug|Any CPU
		{B3432B3D-83D3-4878-83C1-9B52CB263D8F}.Release|Any CPU.ActiveCfg = Release|Any CPU
		{B3432B3D-83D3-4878-83C1-9B52CB263D8F}.Release|Any CPU.Build.0 = Release|Any CPU
		{B3432B3D-83D3-4878-83C1-9B52CB263D8F}.Release|ARM.ActiveCfg = Release|Any CPU
		{B3432B3D-83D3-4878-83C1-9B52CB263D8F}.Release|ARM.Build.0 = Release|Any CPU
		{B3432B3D-83D3-4878-83C1-9B52CB263D8F}.Release|ARM64.ActiveCfg = Release|Any CPU
		{B3432B3D-83D3-4878-83C1-9B52CB263D8F}.Release|ARM64.Build.0 = Release|Any CPU
		{B3432B3D-83D3-4878-83C1-9B52CB263D8F}.Release|x64.ActiveCfg = Release|Any CPU
		{B3432B3D-83D3-4878-83C1-9B52CB263D8F}.Release|x64.Build.0 = Release|Any CPU
		{B3432B3D-83D3-4878-83C1-9B52CB263D8F}.Release|x86.ActiveCfg = Release|Any CPU
		{B3432B3D-83D3-4878-83C1-9B52CB263D8F}.Release|x86.Build.0 = Release|Any CPU
		{4CA36C3F-A69E-467B-990A-5AC1083575EB}.Debug|Any CPU.ActiveCfg = Debug|Any CPU
		{4CA36C3F-A69E-467B-990A-5AC1083575EB}.Debug|Any CPU.Build.0 = Debug|Any CPU
		{4CA36C3F-A69E-467B-990A-5AC1083575EB}.Debug|ARM.ActiveCfg = Debug|Any CPU
		{4CA36C3F-A69E-467B-990A-5AC1083575EB}.Debug|ARM.Build.0 = Debug|Any CPU
		{4CA36C3F-A69E-467B-990A-5AC1083575EB}.Debug|ARM64.ActiveCfg = Debug|Any CPU
		{4CA36C3F-A69E-467B-990A-5AC1083575EB}.Debug|ARM64.Build.0 = Debug|Any CPU
		{4CA36C3F-A69E-467B-990A-5AC1083575EB}.Debug|x64.ActiveCfg = Debug|Any CPU
		{4CA36C3F-A69E-467B-990A-5AC1083575EB}.Debug|x64.Build.0 = Debug|Any CPU
		{4CA36C3F-A69E-467B-990A-5AC1083575EB}.Debug|x86.ActiveCfg = Debug|Any CPU
		{4CA36C3F-A69E-467B-990A-5AC1083575EB}.Debug|x86.Build.0 = Debug|Any CPU
		{4CA36C3F-A69E-467B-990A-5AC1083575EB}.Release|Any CPU.ActiveCfg = Release|Any CPU
		{4CA36C3F-A69E-467B-990A-5AC1083575EB}.Release|Any CPU.Build.0 = Release|Any CPU
		{4CA36C3F-A69E-467B-990A-5AC1083575EB}.Release|ARM.ActiveCfg = Release|Any CPU
		{4CA36C3F-A69E-467B-990A-5AC1083575EB}.Release|ARM.Build.0 = Release|Any CPU
		{4CA36C3F-A69E-467B-990A-5AC1083575EB}.Release|ARM64.ActiveCfg = Release|Any CPU
		{4CA36C3F-A69E-467B-990A-5AC1083575EB}.Release|ARM64.Build.0 = Release|Any CPU
		{4CA36C3F-A69E-467B-990A-5AC1083575EB}.Release|x64.ActiveCfg = Release|Any CPU
		{4CA36C3F-A69E-467B-990A-5AC1083575EB}.Release|x64.Build.0 = Release|Any CPU
		{4CA36C3F-A69E-467B-990A-5AC1083575EB}.Release|x86.ActiveCfg = Release|Any CPU
		{4CA36C3F-A69E-467B-990A-5AC1083575EB}.Release|x86.Build.0 = Release|Any CPU
		{9DDABD0D-DB03-4CDD-A15B-AD6D72C0FA25}.Debug|Any CPU.ActiveCfg = Debug|Any CPU
		{9DDABD0D-DB03-4CDD-A15B-AD6D72C0FA25}.Debug|Any CPU.Build.0 = Debug|Any CPU
		{9DDABD0D-DB03-4CDD-A15B-AD6D72C0FA25}.Debug|ARM.ActiveCfg = Debug|Any CPU
		{9DDABD0D-DB03-4CDD-A15B-AD6D72C0FA25}.Debug|ARM.Build.0 = Debug|Any CPU
		{9DDABD0D-DB03-4CDD-A15B-AD6D72C0FA25}.Debug|ARM64.ActiveCfg = Debug|Any CPU
		{9DDABD0D-DB03-4CDD-A15B-AD6D72C0FA25}.Debug|ARM64.Build.0 = Debug|Any CPU
		{9DDABD0D-DB03-4CDD-A15B-AD6D72C0FA25}.Debug|x64.ActiveCfg = Debug|Any CPU
		{9DDABD0D-DB03-4CDD-A15B-AD6D72C0FA25}.Debug|x64.Build.0 = Debug|Any CPU
		{9DDABD0D-DB03-4CDD-A15B-AD6D72C0FA25}.Debug|x86.ActiveCfg = Debug|Any CPU
		{9DDABD0D-DB03-4CDD-A15B-AD6D72C0FA25}.Debug|x86.Build.0 = Debug|Any CPU
		{9DDABD0D-DB03-4CDD-A15B-AD6D72C0FA25}.Release|Any CPU.ActiveCfg = Release|Any CPU
		{9DDABD0D-DB03-4CDD-A15B-AD6D72C0FA25}.Release|Any CPU.Build.0 = Release|Any CPU
		{9DDABD0D-DB03-4CDD-A15B-AD6D72C0FA25}.Release|ARM.ActiveCfg = Release|Any CPU
		{9DDABD0D-DB03-4CDD-A15B-AD6D72C0FA25}.Release|ARM.Build.0 = Release|Any CPU
		{9DDABD0D-DB03-4CDD-A15B-AD6D72C0FA25}.Release|ARM64.ActiveCfg = Release|Any CPU
		{9DDABD0D-DB03-4CDD-A15B-AD6D72C0FA25}.Release|ARM64.Build.0 = Release|Any CPU
		{9DDABD0D-DB03-4CDD-A15B-AD6D72C0FA25}.Release|x64.ActiveCfg = Release|Any CPU
		{9DDABD0D-DB03-4CDD-A15B-AD6D72C0FA25}.Release|x64.Build.0 = Release|Any CPU
		{9DDABD0D-DB03-4CDD-A15B-AD6D72C0FA25}.Release|x86.ActiveCfg = Release|Any CPU
		{9DDABD0D-DB03-4CDD-A15B-AD6D72C0FA25}.Release|x86.Build.0 = Release|Any CPU
		{53E23B4E-BE4D-4FCA-963E-759DF72F49D4}.Debug|Any CPU.ActiveCfg = Debug|Any CPU
		{53E23B4E-BE4D-4FCA-963E-759DF72F49D4}.Debug|Any CPU.Build.0 = Debug|Any CPU
		{53E23B4E-BE4D-4FCA-963E-759DF72F49D4}.Debug|ARM.ActiveCfg = Debug|Any CPU
		{53E23B4E-BE4D-4FCA-963E-759DF72F49D4}.Debug|ARM.Build.0 = Debug|Any CPU
		{53E23B4E-BE4D-4FCA-963E-759DF72F49D4}.Debug|ARM64.ActiveCfg = Debug|Any CPU
		{53E23B4E-BE4D-4FCA-963E-759DF72F49D4}.Debug|ARM64.Build.0 = Debug|Any CPU
		{53E23B4E-BE4D-4FCA-963E-759DF72F49D4}.Debug|x64.ActiveCfg = Debug|Any CPU
		{53E23B4E-BE4D-4FCA-963E-759DF72F49D4}.Debug|x64.Build.0 = Debug|Any CPU
		{53E23B4E-BE4D-4FCA-963E-759DF72F49D4}.Debug|x86.ActiveCfg = Debug|Any CPU
		{53E23B4E-BE4D-4FCA-963E-759DF72F49D4}.Debug|x86.Build.0 = Debug|Any CPU
		{53E23B4E-BE4D-4FCA-963E-759DF72F49D4}.Release|Any CPU.ActiveCfg = Release|Any CPU
		{53E23B4E-BE4D-4FCA-963E-759DF72F49D4}.Release|Any CPU.Build.0 = Release|Any CPU
		{53E23B4E-BE4D-4FCA-963E-759DF72F49D4}.Release|ARM.ActiveCfg = Release|Any CPU
		{53E23B4E-BE4D-4FCA-963E-759DF72F49D4}.Release|ARM.Build.0 = Release|Any CPU
		{53E23B4E-BE4D-4FCA-963E-759DF72F49D4}.Release|ARM64.ActiveCfg = Release|Any CPU
		{53E23B4E-BE4D-4FCA-963E-759DF72F49D4}.Release|ARM64.Build.0 = Release|Any CPU
		{53E23B4E-BE4D-4FCA-963E-759DF72F49D4}.Release|x64.ActiveCfg = Release|Any CPU
		{53E23B4E-BE4D-4FCA-963E-759DF72F49D4}.Release|x64.Build.0 = Release|Any CPU
		{53E23B4E-BE4D-4FCA-963E-759DF72F49D4}.Release|x86.ActiveCfg = Release|Any CPU
		{53E23B4E-BE4D-4FCA-963E-759DF72F49D4}.Release|x86.Build.0 = Release|Any CPU
		{B7ABD6C8-AD57-4DB9-ABA9-507C86488077}.Debug|Any CPU.ActiveCfg = Debug|Any CPU
		{B7ABD6C8-AD57-4DB9-ABA9-507C86488077}.Debug|Any CPU.Build.0 = Debug|Any CPU
		{B7ABD6C8-AD57-4DB9-ABA9-507C86488077}.Debug|ARM.ActiveCfg = Debug|Any CPU
		{B7ABD6C8-AD57-4DB9-ABA9-507C86488077}.Debug|ARM.Build.0 = Debug|Any CPU
		{B7ABD6C8-AD57-4DB9-ABA9-507C86488077}.Debug|ARM64.ActiveCfg = Debug|Any CPU
		{B7ABD6C8-AD57-4DB9-ABA9-507C86488077}.Debug|ARM64.Build.0 = Debug|Any CPU
		{B7ABD6C8-AD57-4DB9-ABA9-507C86488077}.Debug|x64.ActiveCfg = Debug|Any CPU
		{B7ABD6C8-AD57-4DB9-ABA9-507C86488077}.Debug|x64.Build.0 = Debug|Any CPU
		{B7ABD6C8-AD57-4DB9-ABA9-507C86488077}.Debug|x86.ActiveCfg = Debug|Any CPU
		{B7ABD6C8-AD57-4DB9-ABA9-507C86488077}.Debug|x86.Build.0 = Debug|Any CPU
		{B7ABD6C8-AD57-4DB9-ABA9-507C86488077}.Release|Any CPU.ActiveCfg = Release|Any CPU
		{B7ABD6C8-AD57-4DB9-ABA9-507C86488077}.Release|Any CPU.Build.0 = Release|Any CPU
		{B7ABD6C8-AD57-4DB9-ABA9-507C86488077}.Release|ARM.ActiveCfg = Release|Any CPU
		{B7ABD6C8-AD57-4DB9-ABA9-507C86488077}.Release|ARM.Build.0 = Release|Any CPU
		{B7ABD6C8-AD57-4DB9-ABA9-507C86488077}.Release|ARM64.ActiveCfg = Release|Any CPU
		{B7ABD6C8-AD57-4DB9-ABA9-507C86488077}.Release|ARM64.Build.0 = Release|Any CPU
		{B7ABD6C8-AD57-4DB9-ABA9-507C86488077}.Release|x64.ActiveCfg = Release|Any CPU
		{B7ABD6C8-AD57-4DB9-ABA9-507C86488077}.Release|x64.Build.0 = Release|Any CPU
		{B7ABD6C8-AD57-4DB9-ABA9-507C86488077}.Release|x86.ActiveCfg = Release|Any CPU
		{B7ABD6C8-AD57-4DB9-ABA9-507C86488077}.Release|x86.Build.0 = Release|Any CPU
	EndGlobalSection
	GlobalSection(SolutionProperties) = preSolution
		HideSolutionNode = FALSE
	EndGlobalSection
	GlobalSection(NestedProjects) = preSolution
		{F6531B3B-263E-4AF2-B4C3-2418474FE569} = {ACCCF73A-F4F8-42EA-8ED4-76A151E4E2F7}
		{9E0D0555-32DB-4DF2-98C5-975B99125E25} = {ACCCF73A-F4F8-42EA-8ED4-76A151E4E2F7}
		{F5411F53-184A-4A44-B97B-76C38EE8C673} = {ACCCF73A-F4F8-42EA-8ED4-76A151E4E2F7}
		{AC568B2E-F0D4-4C3F-9E6F-9D5EA33FB8EB} = {F9A8B04D-D90D-4E18-8F33-5E110CD3609A}
		{E9E9AB4D-6A16-4380-9CA5-6B2B006C60BF} = {F9A8B04D-D90D-4E18-8F33-5E110CD3609A}
		{AF02D73D-C3E7-4099-9F9A-1F2FF8075E1C} = {F9A8B04D-D90D-4E18-8F33-5E110CD3609A}
		{54EB49E7-23AB-4DA7-BEA4-F24B82CE05EA} = {098E106E-BD6C-417D-9AB2-EAEB1CE7202A}
		{E77DDA19-C867-44B9-876E-66A93800BCC9} = {098E106E-BD6C-417D-9AB2-EAEB1CE7202A}
		{DCA72104-52E0-47B8-BF7F-3F074B3DCEDB} = {098E106E-BD6C-417D-9AB2-EAEB1CE7202A}
		{32A0A8F8-3F44-48B0-A020-2D458875B262} = {9FBD207F-4B66-4FCF-A726-B1F663B69E02}
		{6C9239D5-2C76-4721-B1E2-813717611A27} = {9FBD207F-4B66-4FCF-A726-B1F663B69E02}
		{3A68FF1F-A3E5-45BA-A182-C635E1B60613} = {9FBD207F-4B66-4FCF-A726-B1F663B69E02}
		{013C1BF0-AAC4-48D7-85C8-BB9B64AC741B} = {72E864E2-5134-4876-965A-9581EE20DBF0}
		{1ABEE917-7CB2-41F0-89B3-E6E4B657F327} = {72E864E2-5134-4876-965A-9581EE20DBF0}
		{443BE12D-5966-4C6D-A104-765D0E9DCABE} = {72E864E2-5134-4876-965A-9581EE20DBF0}
		{D297AA37-43A2-4EB9-8200-B067E7732E12} = {F3BCC2A6-F14E-401F-ADD8-9B01E4AD9088}
		{EC00E515-A4BC-448F-90CC-AF95AACB5A6C} = {F3BCC2A6-F14E-401F-ADD8-9B01E4AD9088}
		{D4FE95DB-7D13-4255-B1A2-68EA58494DC4} = {F3BCC2A6-F14E-401F-ADD8-9B01E4AD9088}
		{C589042D-05C2-4CCE-B18C-D90F2F958E80} = {3750497E-5793-41DD-BCDF-0FD0DCB2AFC2}
		{B3432B3D-83D3-4878-83C1-9B52CB263D8F} = {3750497E-5793-41DD-BCDF-0FD0DCB2AFC2}
		{4CA36C3F-A69E-467B-990A-5AC1083575EB} = {3750497E-5793-41DD-BCDF-0FD0DCB2AFC2}
		{9DDABD0D-DB03-4CDD-A15B-AD6D72C0FA25} = {37125903-09E1-41E8-A45B-29FB66BDEF46}
		{53E23B4E-BE4D-4FCA-963E-759DF72F49D4} = {37125903-09E1-41E8-A45B-29FB66BDEF46}
		{B7ABD6C8-AD57-4DB9-ABA9-507C86488077} = {37125903-09E1-41E8-A45B-29FB66BDEF46}
	EndGlobalSection
	GlobalSection(ExtensibilityGlobals) = postSolution
		SolutionGuid = {6969D87E-BD19-4993-AA8F-775A787EF9B7}
	EndGlobalSection
EndGlobal
