
Microsoft Visual Studio Solution File, Format Version 12.00
# Visual Studio Version 16
VisualStudioVersion = 16.0.34031.81
MinimumVisualStudioVersion = 10.0.40219.1
Project("{2150E333-8FDC-42A3-9474-1A3956D46DE8}") = "Task0", "Task0", "{ACCCF73A-F4F8-42EA-8ED4-76A151E4E2F7}"
EndProject
Project("{FAE04EC0-301F-11D3-BF4B-00C04F79EFBC}") = "Tyuiu.FaizullinDR.Sprint5.Task0.V20", "Tyuiu.FaizullinDR.Sprint5.Task0.V20\Tyuiu.FaizullinDR.Sprint5.Task0.V20.csproj", "{F6531B3B-263E-4AF2-B4C3-2418474FE569}"
EndProject
Project("{FAE04EC0-301F-11D3-BF4B-00C04F79EFBC}") = "Tyuiu.FaizullinDR.Sprint5.Task0.V20.Test", "Tyuiu.FaizullinDR.Sprint5.Task0.V20.Test\Tyuiu.FaizullinDR.Sprint5.Task0.V20.Test.csproj", "{9E0D0555-32DB-4DF2-98C5-975B99125E25}"
EndProject
Project("{FAE04EC0-301F-11D3-BF4B-00C04F79EFBC}") = "Tyuiu.FaizullinDR.Sprint5.Task0.V20.Lib", "Tyuiu.FaizullinDR.Sprint5.Task0.V20.Lib\Tyuiu.FaizullinDR.Sprint5.Task0.V20.Lib.csproj", "{F5411F53-184A-4A44-B97B-76C38EE8C673}"
EndProject
Project("{2150E333-8FDC-42A3-9474-1A3956D46DE8}") = "Task1", "Task1", "{F9A8B04D-D90D-4E18-8F33-5E110CD3609A}"
EndProject
Project("{FAE04EC0-301F-11D3-BF4B-00C04F79EFBC}") = "Tyuiu.FaizullinDR.Sprint5.Task1.V7", "Tyuiu.FaizullinDR.Sprint5.Task1.V7\Tyuiu.FaizullinDR.Sprint5.Task1.V7.csproj", "{AC568B2E-F0D4-4C3F-9E6F-9D5EA33FB8EB}"
EndProject
Project("{FAE04EC0-301F-11D3-BF4B-00C04F79EFBC}") = "Tyuiu.FaizullinDR.Sprint5.Task1.V7.Lib", "Tyuiu.FaizullinDR.Sprint5.Task1.V7.Lib\Tyuiu.FaizullinDR.Sprint5.Task1.V7.Lib.csproj", "{E9E9AB4D-6A16-4380-9CA5-6B2B006C60BF}"
EndProject
Project("{FAE04EC0-301F-11D3-BF4B-00C04F79EFBC}") = "Tyuiu.FaizullinDR.Sprint5.Task1.V7.Test", "Tyuiu.FaizullinDR.Sprint5.Task1.V7.Test\Tyuiu.FaizullinDR.Sprint5.Task1.V7.Test.csproj", "{AF02D73D-C3E7-4099-9F9A-1F2FF8075E1C}"
EndProject
Project("{2150E333-8FDC-42A3-9474-1A3956D46DE8}") = "Task2", "Task2", "{098E106E-BD6C-417D-9AB2-EAEB1CE7202A}"
EndProject
Project("{FAE04EC0-301F-11D3-BF4B-00C04F79EFBC}") = "Tyuiu.FaizullinDR.Sprint5.Task2.V15.Lib", "Tyuiu.FaizullinDR.Sprint5.Task2.V15.Lib\Tyuiu.FaizullinDR.Sprint5.Task2.V15.Lib.csproj", "{54EB49E7-23AB-4DA7-BEA4-F24B82CE05EA}"
EndProject
Project("{FAE04EC0-301F-11D3-BF4B-00C04F79EFBC}") = "Tyuiu.FaizullinDR.Sprint5.Task2.V15.Test", "Tyuiu.FaizullinDR.Sprint5.Task2.V15.Test\Tyuiu.FaizullinDR.Sprint5.Task2.V15.Test.csproj", "{E77DDA19-C867-44B9-876E-66A93800BCC9}"
EndProject
Project("{FAE04EC0-301F-11D3-BF4B-00C04F79EFBC}") = "Tyuiu.FaizullinDR.Sprint5.Task2.V15", "Tyuiu.FaizullinDR.Sprint5.Task2.V15\Tyuiu.FaizullinDR.Sprint5.Task2.V15.csproj", "{DCA72104-52E0-47B8-BF7F-3F074B3DCEDB}"
EndProject
Project("{2150E333-8FDC-42A3-9474-1A3956D46DE8}") = "Task3", "Task3", "{9FBD207F-4B66-4FCF-A726-B1F663B69E02}"
EndProject
Project("{FAE04EC0-301F-11D3-BF4B-00C04F79EFBC}") = "Tyuiu.FaizullinDR.Sprint5.Task3.V9", "Tyuiu.FaizullinDR.Sprint5.Task3.V9\Tyuiu.FaizullinDR.Sprint5.Task3.V9.csproj", "{32A0A8F8-3F44-48B0-A020-2D458875B262}"
EndProject
Project("{FAE04EC0-301F-11D3-BF4B-00C04F79EFBC}") = "Tyuiu.FaizullinDR.Sprint5.Task3.V9.Lib", "Tyuiu.FaizullinDR.Sprint5.Task3.V9.Lib\Tyuiu.FaizullinDR.Sprint5.Task3.V9.Lib.csproj", "{6C9239D5-2C76-4721-B1E2-813717611A27}"
EndProject
Project("{FAE04EC0-301F-11D3-BF4B-00C04F79EFBC}") = "Tyuiu.FaizullinDR.Sprint5.Task3.V9.Test", "Tyuiu.FaizullinDR.Sprint5.Task3.V9.Test\Tyuiu.FaizullinDR.Sprint5.Task3.V9.Test.csproj", "{3A68FF1F-A3E5-45BA-A182-C635E1B60613}"
EndProject
Global
	GlobalSection(SolutionConfigurationPlatforms) = preSolution
		Debug|Any CPU = Debug|Any CPU
		Release|Any CPU = Release|Any CPU
	EndGlobalSection
	GlobalSection(ProjectConfigurationPlatforms) = postSolution
		{F6531B3B-263E-4AF2-B4C3-2418474FE569}.Debug|Any CPU.ActiveCfg = Debug|Any CPU
		{F6531B3B-263E-4AF2-B4C3-2418474FE569}.Debug|Any CPU.Build.0 = Debug|Any CPU
		{F6531B3B-263E-4AF2-B4C3-2418474FE569}.Release|Any CPU.ActiveCfg = Release|Any CPU
		{F6531B3B-263E-4AF2-B4C3-2418474FE569}.Release|Any CPU.Build.0 = Release|Any CPU
		{9E0D0555-32DB-4DF2-98C5-975B99125E25}.Debug|Any CPU.ActiveCfg = Debug|Any CPU
		{9E0D0555-32DB-4DF2-98C5-975B99125E25}.Debug|Any CPU.Build.0 = Debug|Any CPU
		{9E0D0555-32DB-4DF2-98C5-975B99125E25}.Release|Any CPU.ActiveCfg = Release|Any CPU
		{9E0D0555-32DB-4DF2-98C5-975B99125E25}.Release|Any CPU.Build.0 = Release|Any CPU
		{F5411F53-184A-4A44-B97B-76C38EE8C673}.Debug|Any CPU.ActiveCfg = Debug|Any CPU
		{F5411F53-184A-4A44-B97B-76C38EE8C673}.Debug|Any CPU.Build.0 = Debug|Any CPU
		{F5411F53-184A-4A44-B97B-76C38EE8C673}.Release|Any CPU.ActiveCfg = Release|Any CPU
		{F5411F53-184A-4A44-B97B-76C38EE8C673}.Release|Any CPU.Build.0 = Release|Any CPU
		{AC568B2E-F0D4-4C3F-9E6F-9D5EA33FB8EB}.Debug|Any CPU.ActiveCfg = Debug|Any CPU
		{AC568B2E-F0D4-4C3F-9E6F-9D5EA33FB8EB}.Debug|Any CPU.Build.0 = Debug|Any CPU
		{AC568B2E-F0D4-4C3F-9E6F-9D5EA33FB8EB}.Release|Any CPU.ActiveCfg = Release|Any CPU
		{AC568B2E-F0D4-4C3F-9E6F-9D5EA33FB8EB}.Release|Any CPU.Build.0 = Release|Any CPU
		{E9E9AB4D-6A16-4380-9CA5-6B2B006C60BF}.Debug|Any CPU.ActiveCfg = Debug|Any CPU
		{E9E9AB4D-6A16-4380-9CA5-6B2B006C60BF}.Debug|Any CPU.Build.0 = Debug|Any CPU
		{E9E9AB4D-6A16-4380-9CA5-6B2B006C60BF}.Release|Any CPU.ActiveCfg = Release|Any CPU
		{E9E9AB4D-6A16-4380-9CA5-6B2B006C60BF}.Release|Any CPU.Build.0 = Release|Any CPU
		{AF02D73D-C3E7-4099-9F9A-1F2FF8075E1C}.Debug|Any CPU.ActiveCfg = Debug|Any CPU
		{AF02D73D-C3E7-4099-9F9A-1F2FF8075E1C}.Debug|Any CPU.Build.0 = Debug|Any CPU
		{AF02D73D-C3E7-4099-9F9A-1F2FF8075E1C}.Release|Any CPU.ActiveCfg = Release|Any CPU
		{AF02D73D-C3E7-4099-9F9A-1F2FF8075E1C}.Release|Any CPU.Build.0 = Release|Any CPU
		{54EB49E7-23AB-4DA7-BEA4-F24B82CE05EA}.Debug|Any CPU.ActiveCfg = Debug|Any CPU
		{54EB49E7-23AB-4DA7-BEA4-F24B82CE05EA}.Debug|Any CPU.Build.0 = Debug|Any CPU
		{54EB49E7-23AB-4DA7-BEA4-F24B82CE05EA}.Release|Any CPU.ActiveCfg = Release|Any CPU
		{54EB49E7-23AB-4DA7-BEA4-F24B82CE05EA}.Release|Any CPU.Build.0 = Release|Any CPU
		{E77DDA19-C867-44B9-876E-66A93800BCC9}.Debug|Any CPU.ActiveCfg = Debug|Any CPU
		{E77DDA19-C867-44B9-876E-66A93800BCC9}.Debug|Any CPU.Build.0 = Debug|Any CPU
		{E77DDA19-C867-44B9-876E-66A93800BCC9}.Release|Any CPU.ActiveCfg = Release|Any CPU
		{E77DDA19-C867-44B9-876E-66A93800BCC9}.Release|Any CPU.Build.0 = Release|Any CPU
		{DCA72104-52E0-47B8-BF7F-3F074B3DCEDB}.Debug|Any CPU.ActiveCfg = Debug|Any CPU
		{DCA72104-52E0-47B8-BF7F-3F074B3DCEDB}.Debug|Any CPU.Build.0 = Debug|Any CPU
		{DCA72104-52E0-47B8-BF7F-3F074B3DCEDB}.Release|Any CPU.ActiveCfg = Release|Any CPU
		{DCA72104-52E0-47B8-BF7F-3F074B3DCEDB}.Release|Any CPU.Build.0 = Release|Any CPU
		{32A0A8F8-3F44-48B0-A020-2D458875B262}.Debug|Any CPU.ActiveCfg = Debug|Any CPU
		{32A0A8F8-3F44-48B0-A020-2D458875B262}.Debug|Any CPU.Build.0 = Debug|Any CPU
		{32A0A8F8-3F44-48B0-A020-2D458875B262}.Release|Any CPU.ActiveCfg = Release|Any CPU
		{32A0A8F8-3F44-48B0-A020-2D458875B262}.Release|Any CPU.Build.0 = Release|Any CPU
		{6C9239D5-2C76-4721-B1E2-813717611A27}.Debug|Any CPU.ActiveCfg = Debug|Any CPU
		{6C9239D5-2C76-4721-B1E2-813717611A27}.Debug|Any CPU.Build.0 = Debug|Any CPU
		{6C9239D5-2C76-4721-B1E2-813717611A27}.Release|Any CPU.ActiveCfg = Release|Any CPU
		{6C9239D5-2C76-4721-B1E2-813717611A27}.Release|Any CPU.Build.0 = Release|Any CPU
		{3A68FF1F-A3E5-45BA-A182-C635E1B60613}.Debug|Any CPU.ActiveCfg = Debug|Any CPU
		{3A68FF1F-A3E5-45BA-A182-C635E1B60613}.Debug|Any CPU.Build.0 = Debug|Any CPU
		{3A68FF1F-A3E5-45BA-A182-C635E1B60613}.Release|Any CPU.ActiveCfg = Release|Any CPU
		{3A68FF1F-A3E5-45BA-A182-C635E1B60613}.Release|Any CPU.Build.0 = Release|Any CPU
	EndGlobalSection
	GlobalSection(SolutionProperties) = preSolution
		HideSolutionNode = FALSE
	EndGlobalSection
	GlobalSection(NestedProjects) = preSolution
		{F6531B3B-263E-4AF2-B4C3-2418474FE569} = {ACCCF73A-F4F8-42EA-8ED4-76A151E4E2F7}
		{9E0D0555-32DB-4DF2-98C5-975B99125E25} = {ACCCF73A-F4F8-42EA-8ED4-76A151E4E2F7}
		{F5411F53-184A-4A44-B97B-76C38EE8C673} = {ACCCF73A-F4F8-42EA-8ED4-76A151E4E2F7}
		{AC568B2E-F0D4-4C3F-9E6F-9D5EA33FB8EB} = {F9A8B04D-D90D-4E18-8F33-5E110CD3609A}
		{E9E9AB4D-6A16-4380-9CA5-6B2B006C60BF} = {F9A8B04D-D90D-4E18-8F33-5E110CD3609A}
		{AF02D73D-C3E7-4099-9F9A-1F2FF8075E1C} = {F9A8B04D-D90D-4E18-8F33-5E110CD3609A}
		{54EB49E7-23AB-4DA7-BEA4-F24B82CE05EA} = {098E106E-BD6C-417D-9AB2-EAEB1CE7202A}
		{E77DDA19-C867-44B9-876E-66A93800BCC9} = {098E106E-BD6C-417D-9AB2-EAEB1CE7202A}
		{DCA72104-52E0-47B8-BF7F-3F074B3DCEDB} = {098E106E-BD6C-417D-9AB2-EAEB1CE7202A}
		{32A0A8F8-3F44-48B0-A020-2D458875B262} = {9FBD207F-4B66-4FCF-A726-B1F663B69E02}
		{6C9239D5-2C76-4721-B1E2-813717611A27} = {9FBD207F-4B66-4FCF-A726-B1F663B69E02}
		{3A68FF1F-A3E5-45BA-A182-C635E1B60613} = {9FBD207F-4B66-4FCF-A726-B1F663B69E02}
	EndGlobalSection
	GlobalSection(ExtensibilityGlobals) = postSolution
		SolutionGuid = {6969D87E-BD19-4993-AA8F-775A787EF9B7}
	EndGlobalSection
EndGlobal
